{
  "name": "@bit/primefaces.primeng.selectbutton",
  "version": "8.0.2",
  "lockfileVersion": 1,
  "requires": true,
  "dependencies": {
    "@bit/primefaces.primeng.internal.common.selectitem": {
      "version": "8.0.2",
      "resolved": "https://node.bit.dev/primefaces.primeng.internal.common.selectitem/-/primefaces.primeng.internal.common.selectitem-8.0.2.tgz",
      "integrity": "sha1-8DO7tHayTn7dH+XfrjKAvXbpPNQ="
    },
    "@bit/primefaces.primeng.utils": {
      "version": "8.0.2",
      "resolved": "https://node.bit.dev/primefaces.primeng.utils/-/primefaces.primeng.utils-8.0.2.tgz",
      "integrity": "sha1-cH2eD9LZMI7RUHsHohNqG9Slp6E=",
      "requires": {
        "@bit/primefaces.primeng.internal.common.selectitem": "8.0.2"
      }
    }
  }
}
