{
  "name": "@bit/primefaces.primeng.button",
  "version": "8.0.2",
  "lockfileVersion": 1,
  "requires": true,
  "dependencies": {
    "@bit/primefaces.primeng.internal.dom": {
      "version": "8.0.2",
      "resolved": "https://node.bit.dev/primefaces.primeng.internal.dom/-/primefaces.primeng.internal.dom-8.0.2.tgz",
      "integrity": "sha1-SZVnydssrluWr9HPq+Njmqw7/WQ="
    }
  }
}
